
Microsoft Visual Studio Solution File, Format Version 12.00
# Visual Studio 14
VisualStudioVersion = 14.0.25420.1
MinimumVisualStudioVersion = 10.0.40219.1
Project("{FAE04EC0-301F-11D3-BF4B-00C04F79EFBC}") = "MasterClass9pmBatch", "MasterClass9pmBatch\MasterClass9pmBatch.csproj", "{0504248D-F707-418B-831E-675A5DC7A82A}"
EndProject
Project("{FAE04EC0-301F-11D3-BF4B-00C04F79EFBC}") = "MVCMaster2", "MVCMaster2\MVCMaster2.csproj", "{8D89BB48-F14B-4182-84E1-2FD453A4E789}"
EndProject
Project("{FAE04EC0-301F-11D3-BF4B-00C04F79EFBC}") = "AdoDotNet", "AdoDotNet\AdoDotNet.csproj", "{A829DB8F-D35E-4BE8-BDF4-85D570DF9381}"
EndProject
Project("{FAE04EC0-301F-11D3-BF4B-00C04F79EFBC}") = "DapperExample", "DapperExample\DapperExample.csproj", "{1BB5E7FB-70DD-42B2-95A9-8A79913CB33C}"
EndProject
Project("{FAE04EC0-301F-11D3-BF4B-00C04F79EFBC}") = "EntityFrameworkApproach", "EntityFrameworkApproach\EntityFrameworkApproach.csproj", "{566871C7-48F3-4314-90A6-3F30EF1A8C73}"
EndProject
Project("{FAE04EC0-301F-11D3-BF4B-00C04F79EFBC}") = "DatabaseApproach", "DatabaseApproach\DatabaseApproach.csproj", "{BC5DCF59-1920-4134-A6C3-00280E28D6C0}"
EndProject
Project("{FAE04EC0-301F-11D3-BF4B-00C04F79EFBC}") = "CodeFirstApproach", "CodeFirstApproach\CodeFirstApproach.csproj", "{E25182A3-0530-405E-882A-F3849C74916D}"
EndProject
Project("{FAE04EC0-301F-11D3-BF4B-00C04F79EFBC}") = "TestLinqApp", "TestLinqApp\TestLinqApp.csproj", "{B84A9BEC-CE7B-4E83-9201-FF16DBFB71E1}"
EndProject
Project("{FAE04EC0-301F-11D3-BF4B-00C04F79EFBC}") = "ModelBasedapproach", "ModelBasedapproach\ModelBasedapproach.csproj", "{78A0E087-CA22-4C76-9455-1948F0D548E9}"
EndProject
Project("{FAE04EC0-301F-11D3-BF4B-00C04F79EFBC}") = "HandleErrorExample", "HandleErrorExample\HandleErrorExample.csproj", "{85FFEB7D-D59D-4C7D-B5F1-19C3DFB6FF0D}"
EndProject
Global
	GlobalSection(SolutionConfigurationPlatforms) = preSolution
		Debug|Any CPU = Debug|Any CPU
		Release|Any CPU = Release|Any CPU
	EndGlobalSection
	GlobalSection(ProjectConfigurationPlatforms) = postSolution
		{0504248D-F707-418B-831E-675A5DC7A82A}.Debug|Any CPU.ActiveCfg = Debug|Any CPU
		{0504248D-F707-418B-831E-675A5DC7A82A}.Debug|Any CPU.Build.0 = Debug|Any CPU
		{0504248D-F707-418B-831E-675A5DC7A82A}.Release|Any CPU.ActiveCfg = Release|Any CPU
		{0504248D-F707-418B-831E-675A5DC7A82A}.Release|Any CPU.Build.0 = Release|Any CPU
		{8D89BB48-F14B-4182-84E1-2FD453A4E789}.Debug|Any CPU.ActiveCfg = Debug|Any CPU
		{8D89BB48-F14B-4182-84E1-2FD453A4E789}.Debug|Any CPU.Build.0 = Debug|Any CPU
		{8D89BB48-F14B-4182-84E1-2FD453A4E789}.Release|Any CPU.ActiveCfg = Release|Any CPU
		{8D89BB48-F14B-4182-84E1-2FD453A4E789}.Release|Any CPU.Build.0 = Release|Any CPU
		{A829DB8F-D35E-4BE8-BDF4-85D570DF9381}.Debug|Any CPU.ActiveCfg = Debug|Any CPU
		{A829DB8F-D35E-4BE8-BDF4-85D570DF9381}.Debug|Any CPU.Build.0 = Debug|Any CPU
		{A829DB8F-D35E-4BE8-BDF4-85D570DF9381}.Release|Any CPU.ActiveCfg = Release|Any CPU
		{A829DB8F-D35E-4BE8-BDF4-85D570DF9381}.Release|Any CPU.Build.0 = Release|Any CPU
		{1BB5E7FB-70DD-42B2-95A9-8A79913CB33C}.Debug|Any CPU.ActiveCfg = Debug|Any CPU
		{1BB5E7FB-70DD-42B2-95A9-8A79913CB33C}.Debug|Any CPU.Build.0 = Debug|Any CPU
		{1BB5E7FB-70DD-42B2-95A9-8A79913CB33C}.Release|Any CPU.ActiveCfg = Release|Any CPU
		{1BB5E7FB-70DD-42B2-95A9-8A79913CB33C}.Release|Any CPU.Build.0 = Release|Any CPU
		{566871C7-48F3-4314-90A6-3F30EF1A8C73}.Debug|Any CPU.ActiveCfg = Debug|Any CPU
		{566871C7-48F3-4314-90A6-3F30EF1A8C73}.Debug|Any CPU.Build.0 = Debug|Any CPU
		{566871C7-48F3-4314-90A6-3F30EF1A8C73}.Release|Any CPU.ActiveCfg = Release|Any CPU
		{566871C7-48F3-4314-90A6-3F30EF1A8C73}.Release|Any CPU.Build.0 = Release|Any CPU
		{BC5DCF59-1920-4134-A6C3-00280E28D6C0}.Debug|Any CPU.ActiveCfg = Debug|Any CPU
		{BC5DCF59-1920-4134-A6C3-00280E28D6C0}.Debug|Any CPU.Build.0 = Debug|Any CPU
		{BC5DCF59-1920-4134-A6C3-00280E28D6C0}.Release|Any CPU.ActiveCfg = Release|Any CPU
		{BC5DCF59-1920-4134-A6C3-00280E28D6C0}.Release|Any CPU.Build.0 = Release|Any CPU
		{E25182A3-0530-405E-882A-F3849C74916D}.Debug|Any CPU.ActiveCfg = Debug|Any CPU
		{E25182A3-0530-405E-882A-F3849C74916D}.Debug|Any CPU.Build.0 = Debug|Any CPU
		{E25182A3-0530-405E-882A-F3849C74916D}.Release|Any CPU.ActiveCfg = Release|Any CPU
		{E25182A3-0530-405E-882A-F3849C74916D}.Release|Any CPU.Build.0 = Release|Any CPU
		{B84A9BEC-CE7B-4E83-9201-FF16DBFB71E1}.Debug|Any CPU.ActiveCfg = Debug|Any CPU
		{B84A9BEC-CE7B-4E83-9201-FF16DBFB71E1}.Debug|Any CPU.Build.0 = Debug|Any CPU
		{B84A9BEC-CE7B-4E83-9201-FF16DBFB71E1}.Release|Any CPU.ActiveCfg = Release|Any CPU
		{B84A9BEC-CE7B-4E83-9201-FF16DBFB71E1}.Release|Any CPU.Build.0 = Release|Any CPU
		{78A0E087-CA22-4C76-9455-1948F0D548E9}.Debug|Any CPU.ActiveCfg = Debug|Any CPU
		{78A0E087-CA22-4C76-9455-1948F0D548E9}.Debug|Any CPU.Build.0 = Debug|Any CPU
		{78A0E087-CA22-4C76-9455-1948F0D548E9}.Release|Any CPU.ActiveCfg = Release|Any CPU
		{78A0E087-CA22-4C76-9455-1948F0D548E9}.Release|Any CPU.Build.0 = Release|Any CPU
		{85FFEB7D-D59D-4C7D-B5F1-19C3DFB6FF0D}.Debug|Any CPU.ActiveCfg = Debug|Any CPU
		{85FFEB7D-D59D-4C7D-B5F1-19C3DFB6FF0D}.Debug|Any CPU.Build.0 = Debug|Any CPU
		{85FFEB7D-D59D-4C7D-B5F1-19C3DFB6FF0D}.Release|Any CPU.ActiveCfg = Release|Any CPU
		{85FFEB7D-D59D-4C7D-B5F1-19C3DFB6FF0D}.Release|Any CPU.Build.0 = Release|Any CPU
	EndGlobalSection
	GlobalSection(SolutionProperties) = preSolution
		HideSolutionNode = FALSE
	EndGlobalSection
EndGlobal
